
Microsoft Visual Studio Solution File, Format Version 12.00
# Visual Studio Version 17
VisualStudioVersion = 17.5.001.0
MinimumVisualStudioVersion = 10.0.40219.1
Project("{9A19103F-16F7-4668-BE54-9A1E7A4F7556}") = "dbConnect", "dbConnect.csproj", "{B06D70BA-28FD-4530-8B79-E16DBD53EAE0}"
EndProject
Global
	GlobalSection(SolutionConfigurationPlatforms) = preSolution
		Debug|Any CPU = Debug|Any CPU
		Release|Any CPU = Release|Any CPU
	EndGlobalSection
	GlobalSection(ProjectConfigurationPlatforms) = postSolution
		{B06D70BA-28FD-4530-8B79-E16DBD53EAE0}.Debug|Any CPU.ActiveCfg = Debug|Any CPU
		{B06D70BA-28FD-4530-8B79-E16DBD53EAE0}.Debug|Any CPU.Build.0 = Debug|Any CPU
		{B06D70BA-28FD-4530-8B79-E16DBD53EAE0}.Release|Any CPU.ActiveCfg = Release|Any CPU
		{B06D70BA-28FD-4530-8B79-E16DBD53EAE0}.Release|Any CPU.Build.0 = Release|Any CPU
	EndGlobalSection
	GlobalSection(SolutionProperties) = preSolution
		HideSolutionNode = FALSE
	EndGlobalSection
	GlobalSection(ExtensibilityGlobals) = postSolution
		SolutionGuid = {0547227B-4A18-4655-BA23-B5AA0CF29BBA}
	EndGlobalSection
EndGlobal
